Microsoft Visual Studio Solution File, Format Version 11.00
# Visual Studio 2008

Project("{5A8406CB-AC07-CE9A-48F7-C1E14C828CAF}") = "Bad-Company-2-Map-Editor", "Assembly-CSharp-vs.csproj", "{A46604DB-9E78-374F-A38A-48811EF07081}"
EndProject
Global
	GlobalSection(SolutionConfigurationPlatforms) = preSolution
		Debug|Any CPU = Debug|Any CPU
		Release|Any CPU = Release|Any CPU
	EndGlobalSection
	GlobalSection(ProjectConfigurationPlatforms) = postSolution
		{A46604DB-9E78-374F-A38A-48811EF07081}.Debug|Any CPU.ActiveCfg = Debug|Any CPU
		{A46604DB-9E78-374F-A38A-48811EF07081}.Debug|Any CPU.Build.0 = Debug|Any CPU
		{A46604DB-9E78-374F-A38A-48811EF07081}.Release|Any CPU.ActiveCfg = Release|Any CPU
		{A46604DB-9E78-374F-A38A-48811EF07081}.Release|Any CPU.Build.0 = Release|Any CPU
	EndGlobalSection
	GlobalSection(SolutionProperties) = preSolution
		HideSolutionNode = FALSE
	EndGlobalSection
																																																																GlobalSection(MonoDevelopProperties) = preSolution
		StartupItem = Assembly-CSharp.csproj
		Policies = $0
		$0.TextStylePolicy = $1
		$1.FileWidth = 120
		$1.TabsToSpaces = False
		$1.EolMarker = Mac
		$1.inheritsSet = VisualStudio
		$1.inheritsScope = text/plain
		$1.scope = text/x-csharp
		$0.CSharpFormattingPolicy = $2
		$2.inheritsSet = Mono
		$2.inheritsScope = text/x-csharp
		$2.scope = text/x-csharp
		$0.TextStylePolicy = $3
		$3.FileWidth = 120
		$3.TabsToSpaces = False
		$3.EolMarker = Mac
		$3.inheritsSet = VisualStudio
		$3.inheritsScope = text/plain
		$3.scope = text/plain
		$0.DotNetNamingPolicy = $4
		$4.DirectoryNamespaceAssociation = None
		$4.ResourceNamePolicy = FileFormatDefault
		$0.StandardHeader = $5
		$5.Text = 
		$5.IncludeInNewFiles = True
	EndGlobalSection

EndGlobal
